
Microsoft Visual Studio Solution File, Format Version 12.00
# Visual Studio Express 2012 for Windows Desktop
Project("{8BC9CEB8-8B4A-11D0-8D11-00A0C91BC942}") = "work5", "work5\work5.vcxproj", "{E2A2B770-3C14-4866-8934-D351051240C6}"
EndProject
Global
	GlobalSection(SolutionConfigurationPlatforms) = preSolution
		Debug|Win32 = Debug|Win32
		Release|Win32 = Release|Win32
	EndGlobalSection
	GlobalSection(ProjectConfigurationPlatforms) = postSolution
		{E2A2B770-3C14-4866-8934-D351051240C6}.Debug|Win32.ActiveCfg = Debug|Win32
		{E2A2B770-3C14-4866-8934-D351051240C6}.Debug|Win32.Build.0 = Debug|Win32
		{E2A2B770-3C14-4866-8934-D351051240C6}.Release|Win32.ActiveCfg = Release|Win32
		{E2A2B770-3C14-4866-8934-D351051240C6}.Release|Win32.Build.0 = Release|Win32
	EndGlobalSection
	GlobalSection(SolutionProperties) = preSolution
		HideSolutionNode = FALSE
	EndGlobalSection
EndGlobal
